
Microsoft Visual Studio Solution File, Format Version 12.00
# Visual Studio 15
VisualStudioVersion = 15.0.28307.489
MinimumVisualStudioVersion = 10.0.40219.1
Project("{FAE04EC0-301F-11D3-BF4B-00C04F79EFBC}") = "DotNetARX", "DotNetARX\2010\DotNetARX.csproj", "{5DDFCADA-BEA4-402C-B3E4-5C7F83C2F09E}"
EndProject
Project("{FAE04EC0-301F-11D3-BF4B-00C04F79EFBC}") = "ExtensionTools", "Utilities\ExtensionTools.csproj", "{8A2E6FB5-12F2-4406-8109-D9DDC8452DFD}"
EndProject
Project("{FAE04EC0-301F-11D3-BF4B-00C04F79EFBC}") = "ThCui", "ThCui\ThCui.csproj", "{A7A6ED9C-27F3-4F7E-AA5E-D9637CB12A46}"
EndProject
Project("{FAE04EC0-301F-11D3-BF4B-00C04F79EFBC}") = "ThParking", "ThParking\ThParking.csproj", "{361D53B0-DA73-4A97-A8B6-72C2C48A14FA}"
EndProject
Project("{FAE04EC0-301F-11D3-BF4B-00C04F79EFBC}") = "ThAreaFrame", "ThAreaFrame\ThAreaFrame.csproj", "{F02A753B-4560-493F-9E3C-AE1F3B274E2D}"
EndProject
Project("{FAE04EC0-301F-11D3-BF4B-00C04F79EFBC}") = "ThResourceLibrary", "ThResourceLibrary\ThResourceLibrary.csproj", "{7ADD4E30-4F8A-4B20-AC50-7A2D4CBABCD1}"
EndProject
Project("{FAE04EC0-301F-11D3-BF4B-00C04F79EFBC}") = "ThElectricalSysDiagram", "ThElectricalSysDiagram\ThElectricalSysDiagram.csproj", "{DDCCFC84-32BE-480D-9AAC-E3ADB2003093}"
EndProject
Project("{FAE04EC0-301F-11D3-BF4B-00C04F79EFBC}") = "ThAnalytics", "ThAnalytics\ThAnalytics.csproj", "{EDF8EB87-5032-47EF-A922-23760BDA3D42}"
EndProject
Project("{FAE04EC0-301F-11D3-BF4B-00C04F79EFBC}") = "ThAutoUpdate", "ThAutoUpdate\ThAutoUpdate.csproj", "{14D896EB-984D-48DC-9BE8-D536D60FDCB2}"
EndProject
Project("{FAE04EC0-301F-11D3-BF4B-00C04F79EFBC}") = "ThElectrical", "ThElectrical\ThElectrical.csproj", "{6EF27687-CB67-4B63-B401-7F5B719DD0FC}"
EndProject
Project("{FAE04EC0-301F-11D3-BF4B-00C04F79EFBC}") = "ThIdentity", "ThIdentity\ThIdentity.csproj", "{F089C903-64D4-4620-9D68-81CAD9ED3E44}"
EndProject
Project("{FAE04EC0-301F-11D3-BF4B-00C04F79EFBC}") = "ThAreaFrameConfig", "ThAreaFrameConfig\ThAreaFrameConfig.csproj", "{2107CBD2-DD84-48AE-87AF-7F089AF481B5}"
EndProject
Project("{FAE04EC0-301F-11D3-BF4B-00C04F79EFBC}") = "ThLicense", "ThLicense\ThLicense.csproj", "{C08DACF5-31AC-43CD-B170-9F9F9D4A7B13}"
EndProject
Project("{FAE04EC0-301F-11D3-BF4B-00C04F79EFBC}") = "ThPlot", "ThPlot\ThPlot.csproj", "{08DE187F-2B0B-49C2-90EE-9D7C453828E6}"
EndProject
Project("{FAE04EC0-301F-11D3-BF4B-00C04F79EFBC}") = "ThHarness", "ThHarness\ThHarness.csproj", "{D4429F20-3E12-4C3E-A189-B10A3133BB10}"
EndProject
Project("{FAE04EC0-301F-11D3-BF4B-00C04F79EFBC}") = "ThRoomBoundary", "ThRoomBoundary\ThRoomBoundary.csproj", "{C5C753ED-C186-4B3B-9AF4-41839688B87D}"
EndProject
Project("{FAE04EC0-301F-11D3-BF4B-00C04F79EFBC}") = "ThColumnInfo", "THColumnInf\ThColumnInfo.csproj", "{95F58474-91E6-430D-8F8B-9D1E931B8155}"
EndProject
Project("{FAE04EC0-301F-11D3-BF4B-00C04F79EFBC}") = "ThXClip", "ThXClip\ThXClip.csproj", "{CF4D547E-1EE6-496A-A93B-E5033C855662}"
EndProject
Project("{FAE04EC0-301F-11D3-BF4B-00C04F79EFBC}") = "ThAreaFrame.Test", "ThAreaFrame.Test\ThAreaFrame.Test.csproj", "{96EAA3D1-74B5-466C-BD29-709BD9D8F67E}"
EndProject
Project("{FAE04EC0-301F-11D3-BF4B-00C04F79EFBC}") = "ThMirror", "ThMirror\ThMirror.csproj", "{6A44B8D5-2527-40C9-BF12-EC44AB675F8F}"
EndProject
Project("{FAE04EC0-301F-11D3-BF4B-00C04F79EFBC}") = "ThSpray", "ThSpray\ThSpray.csproj", "{8B404E0A-61CF-4B82-9E2D-805986476268}"
EndProject
Global
	GlobalSection(SolutionConfigurationPlatforms) = preSolution
		Debug|Any CPU = Debug|Any CPU
		Debug-NET40|Any CPU = Debug-NET40|Any CPU
		Debug-NET45|Any CPU = Debug-NET45|Any CPU
		Release|Any CPU = Release|Any CPU
		Release-NET40|Any CPU = Release-NET40|Any CPU
		Release-NET45|Any CPU = Release-NET45|Any CPU
	EndGlobalSection
	GlobalSection(ProjectConfigurationPlatforms) = postSolution
		{5DDFCADA-BEA4-402C-B3E4-5C7F83C2F09E}.Debug|Any CPU.ActiveCfg = Debug|Any CPU
		{5DDFCADA-BEA4-402C-B3E4-5C7F83C2F09E}.Debug|Any CPU.Build.0 = Debug|Any CPU
		{5DDFCADA-BEA4-402C-B3E4-5C7F83C2F09E}.Debug-NET40|Any CPU.ActiveCfg = Debug-NET40|Any CPU
		{5DDFCADA-BEA4-402C-B3E4-5C7F83C2F09E}.Debug-NET40|Any CPU.Build.0 = Debug-NET40|Any CPU
		{5DDFCADA-BEA4-402C-B3E4-5C7F83C2F09E}.Debug-NET45|Any CPU.ActiveCfg = Debug-NET45|Any CPU
		{5DDFCADA-BEA4-402C-B3E4-5C7F83C2F09E}.Debug-NET45|Any CPU.Build.0 = Debug-NET45|Any CPU
		{5DDFCADA-BEA4-402C-B3E4-5C7F83C2F09E}.Release|Any CPU.ActiveCfg = Release|Any CPU
		{5DDFCADA-BEA4-402C-B3E4-5C7F83C2F09E}.Release|Any CPU.Build.0 = Release|Any CPU
		{5DDFCADA-BEA4-402C-B3E4-5C7F83C2F09E}.Release-NET40|Any CPU.ActiveCfg = Release-NET40|Any CPU
		{5DDFCADA-BEA4-402C-B3E4-5C7F83C2F09E}.Release-NET40|Any CPU.Build.0 = Release-NET40|Any CPU
		{5DDFCADA-BEA4-402C-B3E4-5C7F83C2F09E}.Release-NET45|Any CPU.ActiveCfg = Release-NET45|Any CPU
		{5DDFCADA-BEA4-402C-B3E4-5C7F83C2F09E}.Release-NET45|Any CPU.Build.0 = Release-NET45|Any CPU
		{8A2E6FB5-12F2-4406-8109-D9DDC8452DFD}.Debug|Any CPU.ActiveCfg = Debug|Any CPU
		{8A2E6FB5-12F2-4406-8109-D9DDC8452DFD}.Debug|Any CPU.Build.0 = Debug|Any CPU
		{8A2E6FB5-12F2-4406-8109-D9DDC8452DFD}.Debug-NET40|Any CPU.ActiveCfg = Debug-NET40|Any CPU
		{8A2E6FB5-12F2-4406-8109-D9DDC8452DFD}.Debug-NET40|Any CPU.Build.0 = Debug-NET40|Any CPU
		{8A2E6FB5-12F2-4406-8109-D9DDC8452DFD}.Debug-NET45|Any CPU.ActiveCfg = Debug-NET45|Any CPU
		{8A2E6FB5-12F2-4406-8109-D9DDC8452DFD}.Debug-NET45|Any CPU.Build.0 = Debug-NET45|Any CPU
		{8A2E6FB5-12F2-4406-8109-D9DDC8452DFD}.Release|Any CPU.ActiveCfg = Release|Any CPU
		{8A2E6FB5-12F2-4406-8109-D9DDC8452DFD}.Release|Any CPU.Build.0 = Release|Any CPU
		{8A2E6FB5-12F2-4406-8109-D9DDC8452DFD}.Release-NET40|Any CPU.ActiveCfg = Release-NET40|Any CPU
		{8A2E6FB5-12F2-4406-8109-D9DDC8452DFD}.Release-NET40|Any CPU.Build.0 = Release-NET40|Any CPU
		{8A2E6FB5-12F2-4406-8109-D9DDC8452DFD}.Release-NET45|Any CPU.ActiveCfg = Release-NET45|Any CPU
		{8A2E6FB5-12F2-4406-8109-D9DDC8452DFD}.Release-NET45|Any CPU.Build.0 = Release-NET45|Any CPU
		{A7A6ED9C-27F3-4F7E-AA5E-D9637CB12A46}.Debug|Any CPU.ActiveCfg = Debug|Any CPU
		{A7A6ED9C-27F3-4F7E-AA5E-D9637CB12A46}.Debug|Any CPU.Build.0 = Debug|Any CPU
		{A7A6ED9C-27F3-4F7E-AA5E-D9637CB12A46}.Debug-NET40|Any CPU.ActiveCfg = Debug-NET40|Any CPU
		{A7A6ED9C-27F3-4F7E-AA5E-D9637CB12A46}.Debug-NET40|Any CPU.Build.0 = Debug-NET40|Any CPU
		{A7A6ED9C-27F3-4F7E-AA5E-D9637CB12A46}.Debug-NET45|Any CPU.ActiveCfg = Debug-NET45|Any CPU
		{A7A6ED9C-27F3-4F7E-AA5E-D9637CB12A46}.Debug-NET45|Any CPU.Build.0 = Debug-NET45|Any CPU
		{A7A6ED9C-27F3-4F7E-AA5E-D9637CB12A46}.Release|Any CPU.ActiveCfg = Release|Any CPU
		{A7A6ED9C-27F3-4F7E-AA5E-D9637CB12A46}.Release|Any CPU.Build.0 = Release|Any CPU
		{A7A6ED9C-27F3-4F7E-AA5E-D9637CB12A46}.Release-NET40|Any CPU.ActiveCfg = Release-NET40|Any CPU
		{A7A6ED9C-27F3-4F7E-AA5E-D9637CB12A46}.Release-NET40|Any CPU.Build.0 = Release-NET40|Any CPU
		{A7A6ED9C-27F3-4F7E-AA5E-D9637CB12A46}.Release-NET45|Any CPU.ActiveCfg = Release-NET45|Any CPU
		{A7A6ED9C-27F3-4F7E-AA5E-D9637CB12A46}.Release-NET45|Any CPU.Build.0 = Release-NET45|Any CPU
		{361D53B0-DA73-4A97-A8B6-72C2C48A14FA}.Debug|Any CPU.ActiveCfg = Debug|Any CPU
		{361D53B0-DA73-4A97-A8B6-72C2C48A14FA}.Debug|Any CPU.Build.0 = Debug|Any CPU
		{361D53B0-DA73-4A97-A8B6-72C2C48A14FA}.Debug-NET40|Any CPU.ActiveCfg = Debug-NET40|Any CPU
		{361D53B0-DA73-4A97-A8B6-72C2C48A14FA}.Debug-NET40|Any CPU.Build.0 = Debug-NET40|Any CPU
		{361D53B0-DA73-4A97-A8B6-72C2C48A14FA}.Debug-NET45|Any CPU.ActiveCfg = Debug-NET45|Any CPU
		{361D53B0-DA73-4A97-A8B6-72C2C48A14FA}.Debug-NET45|Any CPU.Build.0 = Debug-NET45|Any CPU
		{361D53B0-DA73-4A97-A8B6-72C2C48A14FA}.Release|Any CPU.ActiveCfg = Release|Any CPU
		{361D53B0-DA73-4A97-A8B6-72C2C48A14FA}.Release|Any CPU.Build.0 = Release|Any CPU
		{361D53B0-DA73-4A97-A8B6-72C2C48A14FA}.Release-NET40|Any CPU.ActiveCfg = Release-NET40|Any CPU
		{361D53B0-DA73-4A97-A8B6-72C2C48A14FA}.Release-NET40|Any CPU.Build.0 = Release-NET40|Any CPU
		{361D53B0-DA73-4A97-A8B6-72C2C48A14FA}.Release-NET45|Any CPU.ActiveCfg = Release-NET45|Any CPU
		{361D53B0-DA73-4A97-A8B6-72C2C48A14FA}.Release-NET45|Any CPU.Build.0 = Release-NET45|Any CPU
		{F02A753B-4560-493F-9E3C-AE1F3B274E2D}.Debug|Any CPU.ActiveCfg = Debug|Any CPU
		{F02A753B-4560-493F-9E3C-AE1F3B274E2D}.Debug|Any CPU.Build.0 = Debug|Any CPU
		{F02A753B-4560-493F-9E3C-AE1F3B274E2D}.Debug-NET40|Any CPU.ActiveCfg = Debug-NET40|Any CPU
		{F02A753B-4560-493F-9E3C-AE1F3B274E2D}.Debug-NET40|Any CPU.Build.0 = Debug-NET40|Any CPU
		{F02A753B-4560-493F-9E3C-AE1F3B274E2D}.Debug-NET45|Any CPU.ActiveCfg = Debug-NET45|Any CPU
		{F02A753B-4560-493F-9E3C-AE1F3B274E2D}.Debug-NET45|Any CPU.Build.0 = Debug-NET45|Any CPU
		{F02A753B-4560-493F-9E3C-AE1F3B274E2D}.Release|Any CPU.ActiveCfg = Release|Any CPU
		{F02A753B-4560-493F-9E3C-AE1F3B274E2D}.Release|Any CPU.Build.0 = Release|Any CPU
		{F02A753B-4560-493F-9E3C-AE1F3B274E2D}.Release-NET40|Any CPU.ActiveCfg = Release-NET40|Any CPU
		{F02A753B-4560-493F-9E3C-AE1F3B274E2D}.Release-NET40|Any CPU.Build.0 = Release-NET40|Any CPU
		{F02A753B-4560-493F-9E3C-AE1F3B274E2D}.Release-NET45|Any CPU.ActiveCfg = Release-NET45|Any CPU
		{F02A753B-4560-493F-9E3C-AE1F3B274E2D}.Release-NET45|Any CPU.Build.0 = Release-NET45|Any CPU
		{7ADD4E30-4F8A-4B20-AC50-7A2D4CBABCD1}.Debug|Any CPU.ActiveCfg = Debug|Any CPU
		{7ADD4E30-4F8A-4B20-AC50-7A2D4CBABCD1}.Debug|Any CPU.Build.0 = Debug|Any CPU
		{7ADD4E30-4F8A-4B20-AC50-7A2D4CBABCD1}.Debug-NET40|Any CPU.ActiveCfg = Debug-NET40|Any CPU
		{7ADD4E30-4F8A-4B20-AC50-7A2D4CBABCD1}.Debug-NET40|Any CPU.Build.0 = Debug-NET40|Any CPU
		{7ADD4E30-4F8A-4B20-AC50-7A2D4CBABCD1}.Debug-NET45|Any CPU.ActiveCfg = Debug-NET45|Any CPU
		{7ADD4E30-4F8A-4B20-AC50-7A2D4CBABCD1}.Debug-NET45|Any CPU.Build.0 = Debug-NET45|Any CPU
		{7ADD4E30-4F8A-4B20-AC50-7A2D4CBABCD1}.Release|Any CPU.ActiveCfg = Release|Any CPU
		{7ADD4E30-4F8A-4B20-AC50-7A2D4CBABCD1}.Release|Any CPU.Build.0 = Release|Any CPU
		{7ADD4E30-4F8A-4B20-AC50-7A2D4CBABCD1}.Release-NET40|Any CPU.ActiveCfg = Release-NET40|Any CPU
		{7ADD4E30-4F8A-4B20-AC50-7A2D4CBABCD1}.Release-NET40|Any CPU.Build.0 = Release-NET40|Any CPU
		{7ADD4E30-4F8A-4B20-AC50-7A2D4CBABCD1}.Release-NET45|Any CPU.ActiveCfg = Release-NET45|Any CPU
		{7ADD4E30-4F8A-4B20-AC50-7A2D4CBABCD1}.Release-NET45|Any CPU.Build.0 = Release-NET45|Any CPU
		{DDCCFC84-32BE-480D-9AAC-E3ADB2003093}.Debug|Any CPU.ActiveCfg = Debug|Any CPU
		{DDCCFC84-32BE-480D-9AAC-E3ADB2003093}.Debug|Any CPU.Build.0 = Debug|Any CPU
		{DDCCFC84-32BE-480D-9AAC-E3ADB2003093}.Debug-NET40|Any CPU.ActiveCfg = Debug-NET40|Any CPU
		{DDCCFC84-32BE-480D-9AAC-E3ADB2003093}.Debug-NET40|Any CPU.Build.0 = Debug-NET40|Any CPU
		{DDCCFC84-32BE-480D-9AAC-E3ADB2003093}.Debug-NET45|Any CPU.ActiveCfg = Debug-NET45|Any CPU
		{DDCCFC84-32BE-480D-9AAC-E3ADB2003093}.Debug-NET45|Any CPU.Build.0 = Debug-NET45|Any CPU
		{DDCCFC84-32BE-480D-9AAC-E3ADB2003093}.Release|Any CPU.ActiveCfg = Release|Any CPU
		{DDCCFC84-32BE-480D-9AAC-E3ADB2003093}.Release|Any CPU.Build.0 = Release|Any CPU
		{DDCCFC84-32BE-480D-9AAC-E3ADB2003093}.Release-NET40|Any CPU.ActiveCfg = Release-NET40|Any CPU
		{DDCCFC84-32BE-480D-9AAC-E3ADB2003093}.Release-NET40|Any CPU.Build.0 = Release-NET40|Any CPU
		{DDCCFC84-32BE-480D-9AAC-E3ADB2003093}.Release-NET45|Any CPU.ActiveCfg = Release-NET45|Any CPU
		{DDCCFC84-32BE-480D-9AAC-E3ADB2003093}.Release-NET45|Any CPU.Build.0 = Release-NET45|Any CPU
		{EDF8EB87-5032-47EF-A922-23760BDA3D42}.Debug|Any CPU.ActiveCfg = Debug|Any CPU
		{EDF8EB87-5032-47EF-A922-23760BDA3D42}.Debug|Any CPU.Build.0 = Debug|Any CPU
		{EDF8EB87-5032-47EF-A922-23760BDA3D42}.Debug-NET40|Any CPU.ActiveCfg = Debug-NET40|Any CPU
		{EDF8EB87-5032-47EF-A922-23760BDA3D42}.Debug-NET40|Any CPU.Build.0 = Debug-NET40|Any CPU
		{EDF8EB87-5032-47EF-A922-23760BDA3D42}.Debug-NET45|Any CPU.ActiveCfg = Debug-NET45|Any CPU
		{EDF8EB87-5032-47EF-A922-23760BDA3D42}.Debug-NET45|Any CPU.Build.0 = Debug-NET45|Any CPU
		{EDF8EB87-5032-47EF-A922-23760BDA3D42}.Release|Any CPU.ActiveCfg = Release|Any CPU
		{EDF8EB87-5032-47EF-A922-23760BDA3D42}.Release|Any CPU.Build.0 = Release|Any CPU
		{EDF8EB87-5032-47EF-A922-23760BDA3D42}.Release-NET40|Any CPU.ActiveCfg = Release-NET40|Any CPU
		{EDF8EB87-5032-47EF-A922-23760BDA3D42}.Release-NET40|Any CPU.Build.0 = Release-NET40|Any CPU
		{EDF8EB87-5032-47EF-A922-23760BDA3D42}.Release-NET45|Any CPU.ActiveCfg = Release-NET45|Any CPU
		{EDF8EB87-5032-47EF-A922-23760BDA3D42}.Release-NET45|Any CPU.Build.0 = Release-NET45|Any CPU
		{14D896EB-984D-48DC-9BE8-D536D60FDCB2}.Debug|Any CPU.ActiveCfg = Debug|Any CPU
		{14D896EB-984D-48DC-9BE8-D536D60FDCB2}.Debug|Any CPU.Build.0 = Debug|Any CPU
		{14D896EB-984D-48DC-9BE8-D536D60FDCB2}.Debug-NET40|Any CPU.ActiveCfg = Debug-NET40|Any CPU
		{14D896EB-984D-48DC-9BE8-D536D60FDCB2}.Debug-NET40|Any CPU.Build.0 = Debug-NET40|Any CPU
		{14D896EB-984D-48DC-9BE8-D536D60FDCB2}.Debug-NET45|Any CPU.ActiveCfg = Debug-NET45|Any CPU
		{14D896EB-984D-48DC-9BE8-D536D60FDCB2}.Debug-NET45|Any CPU.Build.0 = Debug-NET45|Any CPU
		{14D896EB-984D-48DC-9BE8-D536D60FDCB2}.Release|Any CPU.ActiveCfg = Release|Any CPU
		{14D896EB-984D-48DC-9BE8-D536D60FDCB2}.Release|Any CPU.Build.0 = Release|Any CPU
		{14D896EB-984D-48DC-9BE8-D536D60FDCB2}.Release-NET40|Any CPU.ActiveCfg = Release-NET40|Any CPU
		{14D896EB-984D-48DC-9BE8-D536D60FDCB2}.Release-NET40|Any CPU.Build.0 = Release-NET40|Any CPU
		{14D896EB-984D-48DC-9BE8-D536D60FDCB2}.Release-NET45|Any CPU.ActiveCfg = Release-NET45|Any CPU
		{14D896EB-984D-48DC-9BE8-D536D60FDCB2}.Release-NET45|Any CPU.Build.0 = Release-NET45|Any CPU
		{6EF27687-CB67-4B63-B401-7F5B719DD0FC}.Debug|Any CPU.ActiveCfg = Debug|Any CPU
		{6EF27687-CB67-4B63-B401-7F5B719DD0FC}.Debug|Any CPU.Build.0 = Debug|Any CPU
		{6EF27687-CB67-4B63-B401-7F5B719DD0FC}.Debug-NET40|Any CPU.ActiveCfg = Debug-NET40|Any CPU
		{6EF27687-CB67-4B63-B401-7F5B719DD0FC}.Debug-NET40|Any CPU.Build.0 = Debug-NET40|Any CPU
		{6EF27687-CB67-4B63-B401-7F5B719DD0FC}.Debug-NET45|Any CPU.ActiveCfg = Debug-NET45|Any CPU
		{6EF27687-CB67-4B63-B401-7F5B719DD0FC}.Debug-NET45|Any CPU.Build.0 = Debug-NET45|Any CPU
		{6EF27687-CB67-4B63-B401-7F5B719DD0FC}.Release|Any CPU.ActiveCfg = Release|Any CPU
		{6EF27687-CB67-4B63-B401-7F5B719DD0FC}.Release|Any CPU.Build.0 = Release|Any CPU
		{6EF27687-CB67-4B63-B401-7F5B719DD0FC}.Release-NET40|Any CPU.ActiveCfg = Release-NET40|Any CPU
		{6EF27687-CB67-4B63-B401-7F5B719DD0FC}.Release-NET40|Any CPU.Build.0 = Release-NET40|Any CPU
		{6EF27687-CB67-4B63-B401-7F5B719DD0FC}.Release-NET45|Any CPU.ActiveCfg = Release-NET45|Any CPU
		{6EF27687-CB67-4B63-B401-7F5B719DD0FC}.Release-NET45|Any CPU.Build.0 = Release-NET45|Any CPU
		{F089C903-64D4-4620-9D68-81CAD9ED3E44}.Debug|Any CPU.ActiveCfg = Debug|Any CPU
		{F089C903-64D4-4620-9D68-81CAD9ED3E44}.Debug|Any CPU.Build.0 = Debug|Any CPU
		{F089C903-64D4-4620-9D68-81CAD9ED3E44}.Debug-NET40|Any CPU.ActiveCfg = Debug|Any CPU
		{F089C903-64D4-4620-9D68-81CAD9ED3E44}.Debug-NET40|Any CPU.Build.0 = Debug|Any CPU
		{F089C903-64D4-4620-9D68-81CAD9ED3E44}.Debug-NET45|Any CPU.ActiveCfg = Debug|Any CPU
		{F089C903-64D4-4620-9D68-81CAD9ED3E44}.Debug-NET45|Any CPU.Build.0 = Debug|Any CPU
		{F089C903-64D4-4620-9D68-81CAD9ED3E44}.Release|Any CPU.ActiveCfg = Release|Any CPU
		{F089C903-64D4-4620-9D68-81CAD9ED3E44}.Release|Any CPU.Build.0 = Release|Any CPU
		{F089C903-64D4-4620-9D68-81CAD9ED3E44}.Release-NET40|Any CPU.ActiveCfg = Release|Any CPU
		{F089C903-64D4-4620-9D68-81CAD9ED3E44}.Release-NET40|Any CPU.Build.0 = Release|Any CPU
		{F089C903-64D4-4620-9D68-81CAD9ED3E44}.Release-NET45|Any CPU.ActiveCfg = Release|Any CPU
		{F089C903-64D4-4620-9D68-81CAD9ED3E44}.Release-NET45|Any CPU.Build.0 = Release|Any CPU
		{2107CBD2-DD84-48AE-87AF-7F089AF481B5}.Debug|Any CPU.ActiveCfg = Debug|Any CPU
		{2107CBD2-DD84-48AE-87AF-7F089AF481B5}.Debug|Any CPU.Build.0 = Debug|Any CPU
		{2107CBD2-DD84-48AE-87AF-7F089AF481B5}.Debug-NET40|Any CPU.ActiveCfg = Debug-NET40|Any CPU
		{2107CBD2-DD84-48AE-87AF-7F089AF481B5}.Debug-NET40|Any CPU.Build.0 = Debug-NET40|Any CPU
		{2107CBD2-DD84-48AE-87AF-7F089AF481B5}.Debug-NET45|Any CPU.ActiveCfg = Debug-NET45|Any CPU
		{2107CBD2-DD84-48AE-87AF-7F089AF481B5}.Debug-NET45|Any CPU.Build.0 = Debug-NET45|Any CPU
		{2107CBD2-DD84-48AE-87AF-7F089AF481B5}.Release|Any CPU.ActiveCfg = Release|Any CPU
		{2107CBD2-DD84-48AE-87AF-7F089AF481B5}.Release|Any CPU.Build.0 = Release|Any CPU
		{2107CBD2-DD84-48AE-87AF-7F089AF481B5}.Release-NET40|Any CPU.ActiveCfg = Release-NET40|Any CPU
		{2107CBD2-DD84-48AE-87AF-7F089AF481B5}.Release-NET40|Any CPU.Build.0 = Release-NET40|Any CPU
		{2107CBD2-DD84-48AE-87AF-7F089AF481B5}.Release-NET45|Any CPU.ActiveCfg = Release-NET45|Any CPU
		{2107CBD2-DD84-48AE-87AF-7F089AF481B5}.Release-NET45|Any CPU.Build.0 = Release-NET45|Any CPU
		{C08DACF5-31AC-43CD-B170-9F9F9D4A7B13}.Debug|Any CPU.ActiveCfg = Debug|Any CPU
		{C08DACF5-31AC-43CD-B170-9F9F9D4A7B13}.Debug|Any CPU.Build.0 = Debug|Any CPU
		{C08DACF5-31AC-43CD-B170-9F9F9D4A7B13}.Debug-NET40|Any CPU.ActiveCfg = Debug-NET40|Any CPU
		{C08DACF5-31AC-43CD-B170-9F9F9D4A7B13}.Debug-NET40|Any CPU.Build.0 = Debug-NET40|Any CPU
		{C08DACF5-31AC-43CD-B170-9F9F9D4A7B13}.Debug-NET45|Any CPU.ActiveCfg = Debug-NET45|Any CPU
		{C08DACF5-31AC-43CD-B170-9F9F9D4A7B13}.Debug-NET45|Any CPU.Build.0 = Debug-NET45|Any CPU
		{C08DACF5-31AC-43CD-B170-9F9F9D4A7B13}.Release|Any CPU.ActiveCfg = Release|Any CPU
		{C08DACF5-31AC-43CD-B170-9F9F9D4A7B13}.Release|Any CPU.Build.0 = Release|Any CPU
		{C08DACF5-31AC-43CD-B170-9F9F9D4A7B13}.Release-NET40|Any CPU.ActiveCfg = Release-NET40|Any CPU
		{C08DACF5-31AC-43CD-B170-9F9F9D4A7B13}.Release-NET40|Any CPU.Build.0 = Release-NET40|Any CPU
		{C08DACF5-31AC-43CD-B170-9F9F9D4A7B13}.Release-NET45|Any CPU.ActiveCfg = Release-NET45|Any CPU
		{C08DACF5-31AC-43CD-B170-9F9F9D4A7B13}.Release-NET45|Any CPU.Build.0 = Release-NET45|Any CPU
		{08DE187F-2B0B-49C2-90EE-9D7C453828E6}.Debug|Any CPU.ActiveCfg = Debug|Any CPU
		{08DE187F-2B0B-49C2-90EE-9D7C453828E6}.Debug|Any CPU.Build.0 = Debug|Any CPU
		{08DE187F-2B0B-49C2-90EE-9D7C453828E6}.Debug-NET40|Any CPU.ActiveCfg = Debug-NET40|Any CPU
		{08DE187F-2B0B-49C2-90EE-9D7C453828E6}.Debug-NET40|Any CPU.Build.0 = Debug-NET40|Any CPU
		{08DE187F-2B0B-49C2-90EE-9D7C453828E6}.Debug-NET45|Any CPU.ActiveCfg = Debug-NET45|Any CPU
		{08DE187F-2B0B-49C2-90EE-9D7C453828E6}.Debug-NET45|Any CPU.Build.0 = Debug-NET45|Any CPU
		{08DE187F-2B0B-49C2-90EE-9D7C453828E6}.Release|Any CPU.ActiveCfg = Release|Any CPU
		{08DE187F-2B0B-49C2-90EE-9D7C453828E6}.Release|Any CPU.Build.0 = Release|Any CPU
		{08DE187F-2B0B-49C2-90EE-9D7C453828E6}.Release-NET40|Any CPU.ActiveCfg = Release-NET40|Any CPU
		{08DE187F-2B0B-49C2-90EE-9D7C453828E6}.Release-NET40|Any CPU.Build.0 = Release-NET40|Any CPU
		{08DE187F-2B0B-49C2-90EE-9D7C453828E6}.Release-NET45|Any CPU.ActiveCfg = Release-NET45|Any CPU
		{08DE187F-2B0B-49C2-90EE-9D7C453828E6}.Release-NET45|Any CPU.Build.0 = Release-NET45|Any CPU
		{D4429F20-3E12-4C3E-A189-B10A3133BB10}.Debug|Any CPU.ActiveCfg = Debug|Any CPU
		{D4429F20-3E12-4C3E-A189-B10A3133BB10}.Debug|Any CPU.Build.0 = Debug|Any CPU
		{D4429F20-3E12-4C3E-A189-B10A3133BB10}.Debug-NET40|Any CPU.ActiveCfg = Debug|Any CPU
		{D4429F20-3E12-4C3E-A189-B10A3133BB10}.Debug-NET40|Any CPU.Build.0 = Debug|Any CPU
		{D4429F20-3E12-4C3E-A189-B10A3133BB10}.Debug-NET45|Any CPU.ActiveCfg = Debug|Any CPU
		{D4429F20-3E12-4C3E-A189-B10A3133BB10}.Debug-NET45|Any CPU.Build.0 = Debug|Any CPU
		{D4429F20-3E12-4C3E-A189-B10A3133BB10}.Release|Any CPU.ActiveCfg = Release|Any CPU
		{D4429F20-3E12-4C3E-A189-B10A3133BB10}.Release|Any CPU.Build.0 = Release|Any CPU
		{D4429F20-3E12-4C3E-A189-B10A3133BB10}.Release-NET40|Any CPU.ActiveCfg = Release|Any CPU
		{D4429F20-3E12-4C3E-A189-B10A3133BB10}.Release-NET40|Any CPU.Build.0 = Release|Any CPU
		{D4429F20-3E12-4C3E-A189-B10A3133BB10}.Release-NET45|Any CPU.ActiveCfg = Release|Any CPU
		{D4429F20-3E12-4C3E-A189-B10A3133BB10}.Release-NET45|Any CPU.Build.0 = Release|Any CPU
		{C5C753ED-C186-4B3B-9AF4-41839688B87D}.Debug|Any CPU.ActiveCfg = Debug|Any CPU
		{C5C753ED-C186-4B3B-9AF4-41839688B87D}.Debug|Any CPU.Build.0 = Debug|Any CPU
		{C5C753ED-C186-4B3B-9AF4-41839688B87D}.Debug-NET40|Any CPU.ActiveCfg = Debug-NET40|Any CPU
		{C5C753ED-C186-4B3B-9AF4-41839688B87D}.Debug-NET40|Any CPU.Build.0 = Debug-NET40|Any CPU
		{C5C753ED-C186-4B3B-9AF4-41839688B87D}.Debug-NET45|Any CPU.ActiveCfg = Debug-NET45|Any CPU
		{C5C753ED-C186-4B3B-9AF4-41839688B87D}.Debug-NET45|Any CPU.Build.0 = Debug-NET45|Any CPU
		{C5C753ED-C186-4B3B-9AF4-41839688B87D}.Release|Any CPU.ActiveCfg = Release|Any CPU
		{C5C753ED-C186-4B3B-9AF4-41839688B87D}.Release|Any CPU.Build.0 = Release|Any CPU
		{C5C753ED-C186-4B3B-9AF4-41839688B87D}.Release-NET40|Any CPU.ActiveCfg = Release-NET40|Any CPU
		{C5C753ED-C186-4B3B-9AF4-41839688B87D}.Release-NET40|Any CPU.Build.0 = Release-NET40|Any CPU
		{C5C753ED-C186-4B3B-9AF4-41839688B87D}.Release-NET45|Any CPU.ActiveCfg = Release-NET45|Any CPU
		{C5C753ED-C186-4B3B-9AF4-41839688B87D}.Release-NET45|Any CPU.Build.0 = Release-NET45|Any CPU
		{95F58474-91E6-430D-8F8B-9D1E931B8155}.Debug|Any CPU.ActiveCfg = Debug|Any CPU
		{95F58474-91E6-430D-8F8B-9D1E931B8155}.Debug|Any CPU.Build.0 = Debug|Any CPU
		{95F58474-91E6-430D-8F8B-9D1E931B8155}.Debug-NET40|Any CPU.ActiveCfg = Debug-NET40|Any CPU
		{95F58474-91E6-430D-8F8B-9D1E931B8155}.Debug-NET40|Any CPU.Build.0 = Debug-NET40|Any CPU
		{95F58474-91E6-430D-8F8B-9D1E931B8155}.Debug-NET45|Any CPU.ActiveCfg = Debug-NET45|Any CPU
		{95F58474-91E6-430D-8F8B-9D1E931B8155}.Debug-NET45|Any CPU.Build.0 = Debug-NET45|Any CPU
		{95F58474-91E6-430D-8F8B-9D1E931B8155}.Release|Any CPU.ActiveCfg = Release|Any CPU
		{95F58474-91E6-430D-8F8B-9D1E931B8155}.Release|Any CPU.Build.0 = Release|Any CPU
		{95F58474-91E6-430D-8F8B-9D1E931B8155}.Release-NET40|Any CPU.ActiveCfg = Release-NET40|Any CPU
		{95F58474-91E6-430D-8F8B-9D1E931B8155}.Release-NET40|Any CPU.Build.0 = Release-NET40|Any CPU
		{95F58474-91E6-430D-8F8B-9D1E931B8155}.Release-NET45|Any CPU.ActiveCfg = Release-NET45|Any CPU
		{95F58474-91E6-430D-8F8B-9D1E931B8155}.Release-NET45|Any CPU.Build.0 = Release-NET45|Any CPU
		{CF4D547E-1EE6-496A-A93B-E5033C855662}.Debug|Any CPU.ActiveCfg = Debug|Any CPU
		{CF4D547E-1EE6-496A-A93B-E5033C855662}.Debug|Any CPU.Build.0 = Debug|Any CPU
		{CF4D547E-1EE6-496A-A93B-E5033C855662}.Debug-NET40|Any CPU.ActiveCfg = Debug-NET40|Any CPU
		{CF4D547E-1EE6-496A-A93B-E5033C855662}.Debug-NET40|Any CPU.Build.0 = Debug-NET40|Any CPU
		{CF4D547E-1EE6-496A-A93B-E5033C855662}.Debug-NET45|Any CPU.ActiveCfg = Debug-NET45|Any CPU
		{CF4D547E-1EE6-496A-A93B-E5033C855662}.Debug-NET45|Any CPU.Build.0 = Debug-NET45|Any CPU
		{CF4D547E-1EE6-496A-A93B-E5033C855662}.Release|Any CPU.ActiveCfg = Release|Any CPU
		{CF4D547E-1EE6-496A-A93B-E5033C855662}.Release|Any CPU.Build.0 = Release|Any CPU
		{CF4D547E-1EE6-496A-A93B-E5033C855662}.Release-NET40|Any CPU.ActiveCfg = Release-NET40|Any CPU
		{CF4D547E-1EE6-496A-A93B-E5033C855662}.Release-NET40|Any CPU.Build.0 = Release-NET40|Any CPU
		{CF4D547E-1EE6-496A-A93B-E5033C855662}.Release-NET45|Any CPU.ActiveCfg = Release-NET45|Any CPU
		{CF4D547E-1EE6-496A-A93B-E5033C855662}.Release-NET45|Any CPU.Build.0 = Release-NET45|Any CPU
		{96EAA3D1-74B5-466C-BD29-709BD9D8F67E}.Debug|Any CPU.ActiveCfg = Debug|Any CPU
		{96EAA3D1-74B5-466C-BD29-709BD9D8F67E}.Debug|Any CPU.Build.0 = Debug|Any CPU
		{96EAA3D1-74B5-466C-BD29-709BD9D8F67E}.Debug-NET40|Any CPU.ActiveCfg = Debug-NET40|Any CPU
		{96EAA3D1-74B5-466C-BD29-709BD9D8F67E}.Debug-NET40|Any CPU.Build.0 = Debug-NET40|Any CPU
		{96EAA3D1-74B5-466C-BD29-709BD9D8F67E}.Debug-NET45|Any CPU.ActiveCfg = Debug-NET45|Any CPU
		{96EAA3D1-74B5-466C-BD29-709BD9D8F67E}.Debug-NET45|Any CPU.Build.0 = Debug-NET45|Any CPU
		{96EAA3D1-74B5-466C-BD29-709BD9D8F67E}.Release|Any CPU.ActiveCfg = Release|Any CPU
		{96EAA3D1-74B5-466C-BD29-709BD9D8F67E}.Release|Any CPU.Build.0 = Release|Any CPU
		{96EAA3D1-74B5-466C-BD29-709BD9D8F67E}.Release-NET40|Any CPU.ActiveCfg = Release-NET40|Any CPU
		{96EAA3D1-74B5-466C-BD29-709BD9D8F67E}.Release-NET40|Any CPU.Build.0 = Release-NET40|Any CPU
		{96EAA3D1-74B5-466C-BD29-709BD9D8F67E}.Release-NET45|Any CPU.ActiveCfg = Release-NET45|Any CPU
		{96EAA3D1-74B5-466C-BD29-709BD9D8F67E}.Release-NET45|Any CPU.Build.0 = Release-NET45|Any CPU
		{6A44B8D5-2527-40C9-BF12-EC44AB675F8F}.Debug|Any CPU.ActiveCfg = Debug|Any CPU
		{6A44B8D5-2527-40C9-BF12-EC44AB675F8F}.Debug|Any CPU.Build.0 = Debug|Any CPU
		{6A44B8D5-2527-40C9-BF12-EC44AB675F8F}.Debug-NET40|Any CPU.ActiveCfg = Debug-NET40|Any CPU
		{6A44B8D5-2527-40C9-BF12-EC44AB675F8F}.Debug-NET40|Any CPU.Build.0 = Debug-NET40|Any CPU
		{6A44B8D5-2527-40C9-BF12-EC44AB675F8F}.Debug-NET45|Any CPU.ActiveCfg = Debug-NET45|Any CPU
		{6A44B8D5-2527-40C9-BF12-EC44AB675F8F}.Debug-NET45|Any CPU.Build.0 = Debug-NET45|Any CPU
		{6A44B8D5-2527-40C9-BF12-EC44AB675F8F}.Release|Any CPU.ActiveCfg = Release|Any CPU
		{6A44B8D5-2527-40C9-BF12-EC44AB675F8F}.Release|Any CPU.Build.0 = Release|Any CPU
		{6A44B8D5-2527-40C9-BF12-EC44AB675F8F}.Release-NET40|Any CPU.ActiveCfg = Release-NET40|Any CPU
		{6A44B8D5-2527-40C9-BF12-EC44AB675F8F}.Release-NET40|Any CPU.Build.0 = Release-NET40|Any CPU
		{6A44B8D5-2527-40C9-BF12-EC44AB675F8F}.Release-NET45|Any CPU.ActiveCfg = Release-NET45|Any CPU
		{6A44B8D5-2527-40C9-BF12-EC44AB675F8F}.Release-NET45|Any CPU.Build.0 = Release-NET45|Any CPU
		{8B404E0A-61CF-4B82-9E2D-805986476268}.Debug|Any CPU.ActiveCfg = Debug|Any CPU
		{8B404E0A-61CF-4B82-9E2D-805986476268}.Debug|Any CPU.Build.0 = Debug|Any CPU
		{8B404E0A-61CF-4B82-9E2D-805986476268}.Debug-NET40|Any CPU.ActiveCfg = Debug-NET40|Any CPU
		{8B404E0A-61CF-4B82-9E2D-805986476268}.Debug-NET40|Any CPU.Build.0 = Debug-NET40|Any CPU
		{8B404E0A-61CF-4B82-9E2D-805986476268}.Debug-NET45|Any CPU.ActiveCfg = Debug-NET45|Any CPU
		{8B404E0A-61CF-4B82-9E2D-805986476268}.Debug-NET45|Any CPU.Build.0 = Debug-NET45|Any CPU
		{8B404E0A-61CF-4B82-9E2D-805986476268}.Release|Any CPU.ActiveCfg = Release|Any CPU
		{8B404E0A-61CF-4B82-9E2D-805986476268}.Release|Any CPU.Build.0 = Release|Any CPU
		{8B404E0A-61CF-4B82-9E2D-805986476268}.Release-NET40|Any CPU.ActiveCfg = Release-NET40|Any CPU
		{8B404E0A-61CF-4B82-9E2D-805986476268}.Release-NET40|Any CPU.Build.0 = Release-NET40|Any CPU
		{8B404E0A-61CF-4B82-9E2D-805986476268}.Release-NET45|Any CPU.ActiveCfg = Release-NET45|Any CPU
		{8B404E0A-61CF-4B82-9E2D-805986476268}.Release-NET45|Any CPU.Build.0 = Release-NET45|Any CPU
	EndGlobalSection
	GlobalSection(SolutionProperties) = preSolution
		HideSolutionNode = FALSE
	EndGlobalSection
	GlobalSection(ExtensibilityGlobals) = postSolution
		SolutionGuid = {4DC31E7F-3F21-4F0B-B4C8-C20B040E84EF}
		        SolutionGuid = {BACE1130-D315-4658-B063-566B4F1EBA5B}
	EndGlobalSection
EndGlobal
