
Microsoft Visual Studio Solution File, Format Version 12.00
# Visual Studio Version 16
VisualStudioVersion = 16.0.31229.75
MinimumVisualStudioVersion = 10.0.40219.1
Project("{FAE04EC0-301F-11D3-BF4B-00C04F79EFBC}") = "DotNetARX", "DotNetARX\2010\DotNetARX.csproj", "{5DDFCADA-BEA4-402C-B3E4-5C7F83C2F09E}"
EndProject
Project("{FAE04EC0-301F-11D3-BF4B-00C04F79EFBC}") = "ExtensionTools", "Utilities\ExtensionTools.csproj", "{8A2E6FB5-12F2-4406-8109-D9DDC8452DFD}"
EndProject
Project("{FAE04EC0-301F-11D3-BF4B-00C04F79EFBC}") = "ThParking", "ThParking\ThParking.csproj", "{361D53B0-DA73-4A97-A8B6-72C2C48A14FA}"
EndProject
Project("{FAE04EC0-301F-11D3-BF4B-00C04F79EFBC}") = "ThAreaFrame", "ThAreaFrame\ThAreaFrame.csproj", "{F02A753B-4560-493F-9E3C-AE1F3B274E2D}"
EndProject
Project("{FAE04EC0-301F-11D3-BF4B-00C04F79EFBC}") = "ThResourceLibrary", "ThResourceLibrary\ThResourceLibrary.csproj", "{7ADD4E30-4F8A-4B20-AC50-7A2D4CBABCD1}"
EndProject
Project("{FAE04EC0-301F-11D3-BF4B-00C04F79EFBC}") = "ThElectricalSysDiagram", "ThElectricalSysDiagram\ThElectricalSysDiagram.csproj", "{DDCCFC84-32BE-480D-9AAC-E3ADB2003093}"
EndProject
Project("{FAE04EC0-301F-11D3-BF4B-00C04F79EFBC}") = "ThAreaFrameConfig", "ThAreaFrameConfig\ThAreaFrameConfig.csproj", "{2107CBD2-DD84-48AE-87AF-7F089AF481B5}"
EndProject
Project("{FAE04EC0-301F-11D3-BF4B-00C04F79EFBC}") = "ThRoomBoundary", "ThRoomBoundary\ThRoomBoundary.csproj", "{C5C753ED-C186-4B3B-9AF4-41839688B87D}"
EndProject
Project("{FAE04EC0-301F-11D3-BF4B-00C04F79EFBC}") = "ThAreaFrame.Test", "ThAreaFrame.Test\ThAreaFrame.Test.csproj", "{96EAA3D1-74B5-466C-BD29-709BD9D8F67E}"
EndProject
Project("{FAE04EC0-301F-11D3-BF4B-00C04F79EFBC}") = "ThMirror", "ThMirror\ThMirror.csproj", "{6A44B8D5-2527-40C9-BF12-EC44AB675F8F}"
EndProject
Project("{FAE04EC0-301F-11D3-BF4B-00C04F79EFBC}") = "ThEssential", "ThEssential\ThEssential.csproj", "{B4EA1029-8257-4456-AABE-C42808D7135E}"
EndProject
Project("{FAE04EC0-301F-11D3-BF4B-00C04F79EFBC}") = "TianHua.CAD.QuickCmd", "TianHua.CAD.QuickCmd\TianHua.CAD.QuickCmd.csproj", "{418AD066-3352-48B4-8CBD-F63AC2B18ED1}"
EndProject
Global
	GlobalSection(SolutionConfigurationPlatforms) = preSolution
		Debug|Any CPU = Debug|Any CPU
		Debug-NET40|Any CPU = Debug-NET40|Any CPU
		Debug-NET45|Any CPU = Debug-NET45|Any CPU
		Debug-NET46|Any CPU = Debug-NET46|Any CPU
		Release|Any CPU = Release|Any CPU
		Release-NET40|Any CPU = Release-NET40|Any CPU
		Release-NET45|Any CPU = Release-NET45|Any CPU
		Release-NET46|Any CPU = Release-NET46|Any CPU
	EndGlobalSection
	GlobalSection(ProjectConfigurationPlatforms) = postSolution
		{5DDFCADA-BEA4-402C-B3E4-5C7F83C2F09E}.Debug|Any CPU.ActiveCfg = Debug|Any CPU
		{5DDFCADA-BEA4-402C-B3E4-5C7F83C2F09E}.Debug|Any CPU.Build.0 = Debug|Any CPU
		{5DDFCADA-BEA4-402C-B3E4-5C7F83C2F09E}.Debug-NET40|Any CPU.ActiveCfg = Debug-NET40|Any CPU
		{5DDFCADA-BEA4-402C-B3E4-5C7F83C2F09E}.Debug-NET40|Any CPU.Build.0 = Debug-NET40|Any CPU
		{5DDFCADA-BEA4-402C-B3E4-5C7F83C2F09E}.Debug-NET45|Any CPU.ActiveCfg = Debug-NET45|Any CPU
		{5DDFCADA-BEA4-402C-B3E4-5C7F83C2F09E}.Debug-NET45|Any CPU.Build.0 = Debug-NET45|Any CPU
		{5DDFCADA-BEA4-402C-B3E4-5C7F83C2F09E}.Debug-NET46|Any CPU.ActiveCfg = Debug-NET46|Any CPU
		{5DDFCADA-BEA4-402C-B3E4-5C7F83C2F09E}.Debug-NET46|Any CPU.Build.0 = Debug-NET46|Any CPU
		{5DDFCADA-BEA4-402C-B3E4-5C7F83C2F09E}.Release|Any CPU.ActiveCfg = Release|Any CPU
		{5DDFCADA-BEA4-402C-B3E4-5C7F83C2F09E}.Release|Any CPU.Build.0 = Release|Any CPU
		{5DDFCADA-BEA4-402C-B3E4-5C7F83C2F09E}.Release-NET40|Any CPU.ActiveCfg = Release-NET40|Any CPU
		{5DDFCADA-BEA4-402C-B3E4-5C7F83C2F09E}.Release-NET40|Any CPU.Build.0 = Release-NET40|Any CPU
		{5DDFCADA-BEA4-402C-B3E4-5C7F83C2F09E}.Release-NET45|Any CPU.ActiveCfg = Release-NET45|Any CPU
		{5DDFCADA-BEA4-402C-B3E4-5C7F83C2F09E}.Release-NET45|Any CPU.Build.0 = Release-NET45|Any CPU
		{5DDFCADA-BEA4-402C-B3E4-5C7F83C2F09E}.Release-NET46|Any CPU.ActiveCfg = Release-NET46|Any CPU
		{5DDFCADA-BEA4-402C-B3E4-5C7F83C2F09E}.Release-NET46|Any CPU.Build.0 = Release-NET46|Any CPU
		{8A2E6FB5-12F2-4406-8109-D9DDC8452DFD}.Debug|Any CPU.ActiveCfg = Debug|Any CPU
		{8A2E6FB5-12F2-4406-8109-D9DDC8452DFD}.Debug|Any CPU.Build.0 = Debug|Any CPU
		{8A2E6FB5-12F2-4406-8109-D9DDC8452DFD}.Debug-NET40|Any CPU.ActiveCfg = Debug-NET40|Any CPU
		{8A2E6FB5-12F2-4406-8109-D9DDC8452DFD}.Debug-NET40|Any CPU.Build.0 = Debug-NET40|Any CPU
		{8A2E6FB5-12F2-4406-8109-D9DDC8452DFD}.Debug-NET45|Any CPU.ActiveCfg = Debug-NET45|Any CPU
		{8A2E6FB5-12F2-4406-8109-D9DDC8452DFD}.Debug-NET45|Any CPU.Build.0 = Debug-NET45|Any CPU
		{8A2E6FB5-12F2-4406-8109-D9DDC8452DFD}.Debug-NET46|Any CPU.ActiveCfg = Debug-NET46|Any CPU
		{8A2E6FB5-12F2-4406-8109-D9DDC8452DFD}.Debug-NET46|Any CPU.Build.0 = Debug-NET46|Any CPU
		{8A2E6FB5-12F2-4406-8109-D9DDC8452DFD}.Release|Any CPU.ActiveCfg = Release|Any CPU
		{8A2E6FB5-12F2-4406-8109-D9DDC8452DFD}.Release|Any CPU.Build.0 = Release|Any CPU
		{8A2E6FB5-12F2-4406-8109-D9DDC8452DFD}.Release-NET40|Any CPU.ActiveCfg = Release-NET40|Any CPU
		{8A2E6FB5-12F2-4406-8109-D9DDC8452DFD}.Release-NET40|Any CPU.Build.0 = Release-NET40|Any CPU
		{8A2E6FB5-12F2-4406-8109-D9DDC8452DFD}.Release-NET45|Any CPU.ActiveCfg = Release-NET45|Any CPU
		{8A2E6FB5-12F2-4406-8109-D9DDC8452DFD}.Release-NET45|Any CPU.Build.0 = Release-NET45|Any CPU
		{8A2E6FB5-12F2-4406-8109-D9DDC8452DFD}.Release-NET46|Any CPU.ActiveCfg = Release-NET46|Any CPU
		{8A2E6FB5-12F2-4406-8109-D9DDC8452DFD}.Release-NET46|Any CPU.Build.0 = Release-NET46|Any CPU
		{361D53B0-DA73-4A97-A8B6-72C2C48A14FA}.Debug|Any CPU.ActiveCfg = Debug|Any CPU
		{361D53B0-DA73-4A97-A8B6-72C2C48A14FA}.Debug|Any CPU.Build.0 = Debug|Any CPU
		{361D53B0-DA73-4A97-A8B6-72C2C48A14FA}.Debug-NET40|Any CPU.ActiveCfg = Debug-NET40|Any CPU
		{361D53B0-DA73-4A97-A8B6-72C2C48A14FA}.Debug-NET40|Any CPU.Build.0 = Debug-NET40|Any CPU
		{361D53B0-DA73-4A97-A8B6-72C2C48A14FA}.Debug-NET45|Any CPU.ActiveCfg = Debug-NET45|Any CPU
		{361D53B0-DA73-4A97-A8B6-72C2C48A14FA}.Debug-NET45|Any CPU.Build.0 = Debug-NET45|Any CPU
		{361D53B0-DA73-4A97-A8B6-72C2C48A14FA}.Debug-NET46|Any CPU.ActiveCfg = Debug-NET46|Any CPU
		{361D53B0-DA73-4A97-A8B6-72C2C48A14FA}.Debug-NET46|Any CPU.Build.0 = Debug-NET46|Any CPU
		{361D53B0-DA73-4A97-A8B6-72C2C48A14FA}.Release|Any CPU.ActiveCfg = Release|Any CPU
		{361D53B0-DA73-4A97-A8B6-72C2C48A14FA}.Release|Any CPU.Build.0 = Release|Any CPU
		{361D53B0-DA73-4A97-A8B6-72C2C48A14FA}.Release-NET40|Any CPU.ActiveCfg = Release-NET40|Any CPU
		{361D53B0-DA73-4A97-A8B6-72C2C48A14FA}.Release-NET40|Any CPU.Build.0 = Release-NET40|Any CPU
		{361D53B0-DA73-4A97-A8B6-72C2C48A14FA}.Release-NET45|Any CPU.ActiveCfg = Release-NET45|Any CPU
		{361D53B0-DA73-4A97-A8B6-72C2C48A14FA}.Release-NET45|Any CPU.Build.0 = Release-NET45|Any CPU
		{361D53B0-DA73-4A97-A8B6-72C2C48A14FA}.Release-NET46|Any CPU.ActiveCfg = Release-NET46|Any CPU
		{361D53B0-DA73-4A97-A8B6-72C2C48A14FA}.Release-NET46|Any CPU.Build.0 = Release-NET46|Any CPU
		{F02A753B-4560-493F-9E3C-AE1F3B274E2D}.Debug|Any CPU.ActiveCfg = Debug|Any CPU
		{F02A753B-4560-493F-9E3C-AE1F3B274E2D}.Debug|Any CPU.Build.0 = Debug|Any CPU
		{F02A753B-4560-493F-9E3C-AE1F3B274E2D}.Debug-NET40|Any CPU.ActiveCfg = Debug-NET40|Any CPU
		{F02A753B-4560-493F-9E3C-AE1F3B274E2D}.Debug-NET40|Any CPU.Build.0 = Debug-NET40|Any CPU
		{F02A753B-4560-493F-9E3C-AE1F3B274E2D}.Debug-NET45|Any CPU.ActiveCfg = Debug-NET45|Any CPU
		{F02A753B-4560-493F-9E3C-AE1F3B274E2D}.Debug-NET45|Any CPU.Build.0 = Debug-NET45|Any CPU
		{F02A753B-4560-493F-9E3C-AE1F3B274E2D}.Debug-NET46|Any CPU.ActiveCfg = Debug-NET46|Any CPU
		{F02A753B-4560-493F-9E3C-AE1F3B274E2D}.Debug-NET46|Any CPU.Build.0 = Debug-NET46|Any CPU
		{F02A753B-4560-493F-9E3C-AE1F3B274E2D}.Release|Any CPU.ActiveCfg = Release|Any CPU
		{F02A753B-4560-493F-9E3C-AE1F3B274E2D}.Release|Any CPU.Build.0 = Release|Any CPU
		{F02A753B-4560-493F-9E3C-AE1F3B274E2D}.Release-NET40|Any CPU.ActiveCfg = Release-NET40|Any CPU
		{F02A753B-4560-493F-9E3C-AE1F3B274E2D}.Release-NET40|Any CPU.Build.0 = Release-NET40|Any CPU
		{F02A753B-4560-493F-9E3C-AE1F3B274E2D}.Release-NET45|Any CPU.ActiveCfg = Release-NET45|Any CPU
		{F02A753B-4560-493F-9E3C-AE1F3B274E2D}.Release-NET45|Any CPU.Build.0 = Release-NET45|Any CPU
		{F02A753B-4560-493F-9E3C-AE1F3B274E2D}.Release-NET46|Any CPU.ActiveCfg = Release-NET46|Any CPU
		{F02A753B-4560-493F-9E3C-AE1F3B274E2D}.Release-NET46|Any CPU.Build.0 = Release-NET46|Any CPU
		{7ADD4E30-4F8A-4B20-AC50-7A2D4CBABCD1}.Debug|Any CPU.ActiveCfg = Debug|Any CPU
		{7ADD4E30-4F8A-4B20-AC50-7A2D4CBABCD1}.Debug|Any CPU.Build.0 = Debug|Any CPU
		{7ADD4E30-4F8A-4B20-AC50-7A2D4CBABCD1}.Debug-NET40|Any CPU.ActiveCfg = Debug-NET40|Any CPU
		{7ADD4E30-4F8A-4B20-AC50-7A2D4CBABCD1}.Debug-NET40|Any CPU.Build.0 = Debug-NET40|Any CPU
		{7ADD4E30-4F8A-4B20-AC50-7A2D4CBABCD1}.Debug-NET45|Any CPU.ActiveCfg = Debug-NET45|Any CPU
		{7ADD4E30-4F8A-4B20-AC50-7A2D4CBABCD1}.Debug-NET45|Any CPU.Build.0 = Debug-NET45|Any CPU
		{7ADD4E30-4F8A-4B20-AC50-7A2D4CBABCD1}.Debug-NET46|Any CPU.ActiveCfg = Debug-NET46|Any CPU
		{7ADD4E30-4F8A-4B20-AC50-7A2D4CBABCD1}.Debug-NET46|Any CPU.Build.0 = Debug-NET46|Any CPU
		{7ADD4E30-4F8A-4B20-AC50-7A2D4CBABCD1}.Release|Any CPU.ActiveCfg = Release|Any CPU
		{7ADD4E30-4F8A-4B20-AC50-7A2D4CBABCD1}.Release|Any CPU.Build.0 = Release|Any CPU
		{7ADD4E30-4F8A-4B20-AC50-7A2D4CBABCD1}.Release-NET40|Any CPU.ActiveCfg = Release-NET40|Any CPU
		{7ADD4E30-4F8A-4B20-AC50-7A2D4CBABCD1}.Release-NET40|Any CPU.Build.0 = Release-NET40|Any CPU
		{7ADD4E30-4F8A-4B20-AC50-7A2D4CBABCD1}.Release-NET45|Any CPU.ActiveCfg = Release-NET45|Any CPU
		{7ADD4E30-4F8A-4B20-AC50-7A2D4CBABCD1}.Release-NET45|Any CPU.Build.0 = Release-NET45|Any CPU
		{7ADD4E30-4F8A-4B20-AC50-7A2D4CBABCD1}.Release-NET46|Any CPU.ActiveCfg = Release-NET46|Any CPU
		{7ADD4E30-4F8A-4B20-AC50-7A2D4CBABCD1}.Release-NET46|Any CPU.Build.0 = Release-NET46|Any CPU
		{DDCCFC84-32BE-480D-9AAC-E3ADB2003093}.Debug|Any CPU.ActiveCfg = Debug|Any CPU
		{DDCCFC84-32BE-480D-9AAC-E3ADB2003093}.Debug|Any CPU.Build.0 = Debug|Any CPU
		{DDCCFC84-32BE-480D-9AAC-E3ADB2003093}.Debug-NET40|Any CPU.ActiveCfg = Debug-NET40|Any CPU
		{DDCCFC84-32BE-480D-9AAC-E3ADB2003093}.Debug-NET40|Any CPU.Build.0 = Debug-NET40|Any CPU
		{DDCCFC84-32BE-480D-9AAC-E3ADB2003093}.Debug-NET45|Any CPU.ActiveCfg = Debug-NET45|Any CPU
		{DDCCFC84-32BE-480D-9AAC-E3ADB2003093}.Debug-NET45|Any CPU.Build.0 = Debug-NET45|Any CPU
		{DDCCFC84-32BE-480D-9AAC-E3ADB2003093}.Debug-NET46|Any CPU.ActiveCfg = Debug-NET46|Any CPU
		{DDCCFC84-32BE-480D-9AAC-E3ADB2003093}.Debug-NET46|Any CPU.Build.0 = Debug-NET46|Any CPU
		{DDCCFC84-32BE-480D-9AAC-E3ADB2003093}.Release|Any CPU.ActiveCfg = Release|Any CPU
		{DDCCFC84-32BE-480D-9AAC-E3ADB2003093}.Release|Any CPU.Build.0 = Release|Any CPU
		{DDCCFC84-32BE-480D-9AAC-E3ADB2003093}.Release-NET40|Any CPU.ActiveCfg = Release-NET40|Any CPU
		{DDCCFC84-32BE-480D-9AAC-E3ADB2003093}.Release-NET40|Any CPU.Build.0 = Release-NET40|Any CPU
		{DDCCFC84-32BE-480D-9AAC-E3ADB2003093}.Release-NET45|Any CPU.ActiveCfg = Release-NET45|Any CPU
		{DDCCFC84-32BE-480D-9AAC-E3ADB2003093}.Release-NET45|Any CPU.Build.0 = Release-NET45|Any CPU
		{DDCCFC84-32BE-480D-9AAC-E3ADB2003093}.Release-NET46|Any CPU.ActiveCfg = Release-NET46|Any CPU
		{DDCCFC84-32BE-480D-9AAC-E3ADB2003093}.Release-NET46|Any CPU.Build.0 = Release-NET46|Any CPU
		{2107CBD2-DD84-48AE-87AF-7F089AF481B5}.Debug|Any CPU.ActiveCfg = Debug|Any CPU
		{2107CBD2-DD84-48AE-87AF-7F089AF481B5}.Debug|Any CPU.Build.0 = Debug|Any CPU
		{2107CBD2-DD84-48AE-87AF-7F089AF481B5}.Debug-NET40|Any CPU.ActiveCfg = Debug-NET40|Any CPU
		{2107CBD2-DD84-48AE-87AF-7F089AF481B5}.Debug-NET40|Any CPU.Build.0 = Debug-NET40|Any CPU
		{2107CBD2-DD84-48AE-87AF-7F089AF481B5}.Debug-NET45|Any CPU.ActiveCfg = Debug-NET45|Any CPU
		{2107CBD2-DD84-48AE-87AF-7F089AF481B5}.Debug-NET45|Any CPU.Build.0 = Debug-NET45|Any CPU
		{2107CBD2-DD84-48AE-87AF-7F089AF481B5}.Debug-NET46|Any CPU.ActiveCfg = Debug-NET46|Any CPU
		{2107CBD2-DD84-48AE-87AF-7F089AF481B5}.Debug-NET46|Any CPU.Build.0 = Debug-NET46|Any CPU
		{2107CBD2-DD84-48AE-87AF-7F089AF481B5}.Release|Any CPU.ActiveCfg = Release|Any CPU
		{2107CBD2-DD84-48AE-87AF-7F089AF481B5}.Release|Any CPU.Build.0 = Release|Any CPU
		{2107CBD2-DD84-48AE-87AF-7F089AF481B5}.Release-NET40|Any CPU.ActiveCfg = Release-NET40|Any CPU
		{2107CBD2-DD84-48AE-87AF-7F089AF481B5}.Release-NET40|Any CPU.Build.0 = Release-NET40|Any CPU
		{2107CBD2-DD84-48AE-87AF-7F089AF481B5}.Release-NET45|Any CPU.ActiveCfg = Release-NET45|Any CPU
		{2107CBD2-DD84-48AE-87AF-7F089AF481B5}.Release-NET45|Any CPU.Build.0 = Release-NET45|Any CPU
		{2107CBD2-DD84-48AE-87AF-7F089AF481B5}.Release-NET46|Any CPU.ActiveCfg = Release-NET46|Any CPU
		{2107CBD2-DD84-48AE-87AF-7F089AF481B5}.Release-NET46|Any CPU.Build.0 = Release-NET46|Any CPU
		{C5C753ED-C186-4B3B-9AF4-41839688B87D}.Debug|Any CPU.ActiveCfg = Debug|Any CPU
		{C5C753ED-C186-4B3B-9AF4-41839688B87D}.Debug|Any CPU.Build.0 = Debug|Any CPU
		{C5C753ED-C186-4B3B-9AF4-41839688B87D}.Debug-NET40|Any CPU.ActiveCfg = Debug-NET40|Any CPU
		{C5C753ED-C186-4B3B-9AF4-41839688B87D}.Debug-NET40|Any CPU.Build.0 = Debug-NET40|Any CPU
		{C5C753ED-C186-4B3B-9AF4-41839688B87D}.Debug-NET45|Any CPU.ActiveCfg = Debug-NET45|Any CPU
		{C5C753ED-C186-4B3B-9AF4-41839688B87D}.Debug-NET45|Any CPU.Build.0 = Debug-NET45|Any CPU
		{C5C753ED-C186-4B3B-9AF4-41839688B87D}.Debug-NET46|Any CPU.ActiveCfg = Debug-NET46|Any CPU
		{C5C753ED-C186-4B3B-9AF4-41839688B87D}.Debug-NET46|Any CPU.Build.0 = Debug-NET46|Any CPU
		{C5C753ED-C186-4B3B-9AF4-41839688B87D}.Release|Any CPU.ActiveCfg = Release|Any CPU
		{C5C753ED-C186-4B3B-9AF4-41839688B87D}.Release|Any CPU.Build.0 = Release|Any CPU
		{C5C753ED-C186-4B3B-9AF4-41839688B87D}.Release-NET40|Any CPU.ActiveCfg = Release-NET40|Any CPU
		{C5C753ED-C186-4B3B-9AF4-41839688B87D}.Release-NET40|Any CPU.Build.0 = Release-NET40|Any CPU
		{C5C753ED-C186-4B3B-9AF4-41839688B87D}.Release-NET45|Any CPU.ActiveCfg = Release-NET45|Any CPU
		{C5C753ED-C186-4B3B-9AF4-41839688B87D}.Release-NET45|Any CPU.Build.0 = Release-NET45|Any CPU
		{C5C753ED-C186-4B3B-9AF4-41839688B87D}.Release-NET46|Any CPU.ActiveCfg = Release-NET46|Any CPU
		{C5C753ED-C186-4B3B-9AF4-41839688B87D}.Release-NET46|Any CPU.Build.0 = Release-NET46|Any CPU
		{96EAA3D1-74B5-466C-BD29-709BD9D8F67E}.Debug|Any CPU.ActiveCfg = Debug|Any CPU
		{96EAA3D1-74B5-466C-BD29-709BD9D8F67E}.Debug|Any CPU.Build.0 = Debug|Any CPU
		{96EAA3D1-74B5-466C-BD29-709BD9D8F67E}.Debug-NET40|Any CPU.ActiveCfg = Debug-NET40|Any CPU
		{96EAA3D1-74B5-466C-BD29-709BD9D8F67E}.Debug-NET40|Any CPU.Build.0 = Debug-NET40|Any CPU
		{96EAA3D1-74B5-466C-BD29-709BD9D8F67E}.Debug-NET45|Any CPU.ActiveCfg = Debug-NET45|Any CPU
		{96EAA3D1-74B5-466C-BD29-709BD9D8F67E}.Debug-NET45|Any CPU.Build.0 = Debug-NET45|Any CPU
		{96EAA3D1-74B5-466C-BD29-709BD9D8F67E}.Debug-NET46|Any CPU.ActiveCfg = Debug-NET46|Any CPU
		{96EAA3D1-74B5-466C-BD29-709BD9D8F67E}.Debug-NET46|Any CPU.Build.0 = Debug-NET46|Any CPU
		{96EAA3D1-74B5-466C-BD29-709BD9D8F67E}.Release|Any CPU.ActiveCfg = Release|Any CPU
		{96EAA3D1-74B5-466C-BD29-709BD9D8F67E}.Release|Any CPU.Build.0 = Release|Any CPU
		{96EAA3D1-74B5-466C-BD29-709BD9D8F67E}.Release-NET40|Any CPU.ActiveCfg = Release-NET40|Any CPU
		{96EAA3D1-74B5-466C-BD29-709BD9D8F67E}.Release-NET40|Any CPU.Build.0 = Release-NET40|Any CPU
		{96EAA3D1-74B5-466C-BD29-709BD9D8F67E}.Release-NET45|Any CPU.ActiveCfg = Release-NET45|Any CPU
		{96EAA3D1-74B5-466C-BD29-709BD9D8F67E}.Release-NET45|Any CPU.Build.0 = Release-NET45|Any CPU
		{96EAA3D1-74B5-466C-BD29-709BD9D8F67E}.Release-NET46|Any CPU.ActiveCfg = Release-NET46|Any CPU
		{96EAA3D1-74B5-466C-BD29-709BD9D8F67E}.Release-NET46|Any CPU.Build.0 = Release-NET46|Any CPU
		{6A44B8D5-2527-40C9-BF12-EC44AB675F8F}.Debug|Any CPU.ActiveCfg = Debug|Any CPU
		{6A44B8D5-2527-40C9-BF12-EC44AB675F8F}.Debug|Any CPU.Build.0 = Debug|Any CPU
		{6A44B8D5-2527-40C9-BF12-EC44AB675F8F}.Debug-NET40|Any CPU.ActiveCfg = Debug-NET40|Any CPU
		{6A44B8D5-2527-40C9-BF12-EC44AB675F8F}.Debug-NET40|Any CPU.Build.0 = Debug-NET40|Any CPU
		{6A44B8D5-2527-40C9-BF12-EC44AB675F8F}.Debug-NET45|Any CPU.ActiveCfg = Debug-NET45|Any CPU
		{6A44B8D5-2527-40C9-BF12-EC44AB675F8F}.Debug-NET45|Any CPU.Build.0 = Debug-NET45|Any CPU
		{6A44B8D5-2527-40C9-BF12-EC44AB675F8F}.Debug-NET46|Any CPU.ActiveCfg = Debug-NET46|Any CPU
		{6A44B8D5-2527-40C9-BF12-EC44AB675F8F}.Debug-NET46|Any CPU.Build.0 = Debug-NET46|Any CPU
		{6A44B8D5-2527-40C9-BF12-EC44AB675F8F}.Release|Any CPU.ActiveCfg = Release|Any CPU
		{6A44B8D5-2527-40C9-BF12-EC44AB675F8F}.Release|Any CPU.Build.0 = Release|Any CPU
		{6A44B8D5-2527-40C9-BF12-EC44AB675F8F}.Release-NET40|Any CPU.ActiveCfg = Release-NET40|Any CPU
		{6A44B8D5-2527-40C9-BF12-EC44AB675F8F}.Release-NET40|Any CPU.Build.0 = Release-NET40|Any CPU
		{6A44B8D5-2527-40C9-BF12-EC44AB675F8F}.Release-NET45|Any CPU.ActiveCfg = Release-NET45|Any CPU
		{6A44B8D5-2527-40C9-BF12-EC44AB675F8F}.Release-NET45|Any CPU.Build.0 = Release-NET45|Any CPU
		{6A44B8D5-2527-40C9-BF12-EC44AB675F8F}.Release-NET46|Any CPU.ActiveCfg = Release-NET46|Any CPU
		{6A44B8D5-2527-40C9-BF12-EC44AB675F8F}.Release-NET46|Any CPU.Build.0 = Release-NET46|Any CPU
		{B4EA1029-8257-4456-AABE-C42808D7135E}.Debug|Any CPU.ActiveCfg = Debug|Any CPU
		{B4EA1029-8257-4456-AABE-C42808D7135E}.Debug|Any CPU.Build.0 = Debug|Any CPU
		{B4EA1029-8257-4456-AABE-C42808D7135E}.Debug-NET40|Any CPU.ActiveCfg = Debug-NET40|Any CPU
		{B4EA1029-8257-4456-AABE-C42808D7135E}.Debug-NET40|Any CPU.Build.0 = Debug-NET40|Any CPU
		{B4EA1029-8257-4456-AABE-C42808D7135E}.Debug-NET45|Any CPU.ActiveCfg = Debug-NET45|Any CPU
		{B4EA1029-8257-4456-AABE-C42808D7135E}.Debug-NET45|Any CPU.Build.0 = Debug-NET45|Any CPU
		{B4EA1029-8257-4456-AABE-C42808D7135E}.Debug-NET46|Any CPU.ActiveCfg = Debug-NET46|Any CPU
		{B4EA1029-8257-4456-AABE-C42808D7135E}.Debug-NET46|Any CPU.Build.0 = Debug-NET46|Any CPU
		{B4EA1029-8257-4456-AABE-C42808D7135E}.Release|Any CPU.ActiveCfg = Release|Any CPU
		{B4EA1029-8257-4456-AABE-C42808D7135E}.Release|Any CPU.Build.0 = Release|Any CPU
		{B4EA1029-8257-4456-AABE-C42808D7135E}.Release-NET40|Any CPU.ActiveCfg = Release-NET40|Any CPU
		{B4EA1029-8257-4456-AABE-C42808D7135E}.Release-NET40|Any CPU.Build.0 = Release-NET40|Any CPU
		{B4EA1029-8257-4456-AABE-C42808D7135E}.Release-NET45|Any CPU.ActiveCfg = Release-NET45|Any CPU
		{B4EA1029-8257-4456-AABE-C42808D7135E}.Release-NET45|Any CPU.Build.0 = Release-NET45|Any CPU
		{B4EA1029-8257-4456-AABE-C42808D7135E}.Release-NET46|Any CPU.ActiveCfg = Release-NET46|Any CPU
		{B4EA1029-8257-4456-AABE-C42808D7135E}.Release-NET46|Any CPU.Build.0 = Release-NET46|Any CPU
		{418AD066-3352-48B4-8CBD-F63AC2B18ED1}.Debug|Any CPU.ActiveCfg = Debug|Any CPU
		{418AD066-3352-48B4-8CBD-F63AC2B18ED1}.Debug|Any CPU.Build.0 = Debug|Any CPU
		{418AD066-3352-48B4-8CBD-F63AC2B18ED1}.Debug-NET40|Any CPU.ActiveCfg = Debug-NET40|Any CPU
		{418AD066-3352-48B4-8CBD-F63AC2B18ED1}.Debug-NET40|Any CPU.Build.0 = Debug-NET40|Any CPU
		{418AD066-3352-48B4-8CBD-F63AC2B18ED1}.Debug-NET45|Any CPU.ActiveCfg = Debug-NET45|Any CPU
		{418AD066-3352-48B4-8CBD-F63AC2B18ED1}.Debug-NET45|Any CPU.Build.0 = Debug-NET45|Any CPU
		{418AD066-3352-48B4-8CBD-F63AC2B18ED1}.Debug-NET46|Any CPU.ActiveCfg = Debug-NET46|Any CPU
		{418AD066-3352-48B4-8CBD-F63AC2B18ED1}.Debug-NET46|Any CPU.Build.0 = Debug-NET46|Any CPU
		{418AD066-3352-48B4-8CBD-F63AC2B18ED1}.Release|Any CPU.ActiveCfg = Release|Any CPU
		{418AD066-3352-48B4-8CBD-F63AC2B18ED1}.Release|Any CPU.Build.0 = Release|Any CPU
		{418AD066-3352-48B4-8CBD-F63AC2B18ED1}.Release-NET40|Any CPU.ActiveCfg = Release-NET40|Any CPU
		{418AD066-3352-48B4-8CBD-F63AC2B18ED1}.Release-NET40|Any CPU.Build.0 = Release-NET40|Any CPU
		{418AD066-3352-48B4-8CBD-F63AC2B18ED1}.Release-NET45|Any CPU.ActiveCfg = Release-NET45|Any CPU
		{418AD066-3352-48B4-8CBD-F63AC2B18ED1}.Release-NET45|Any CPU.Build.0 = Release-NET45|Any CPU
		{418AD066-3352-48B4-8CBD-F63AC2B18ED1}.Release-NET46|Any CPU.ActiveCfg = Release-NET46|Any CPU
		{418AD066-3352-48B4-8CBD-F63AC2B18ED1}.Release-NET46|Any CPU.Build.0 = Release-NET46|Any CPU
	EndGlobalSection
	GlobalSection(SolutionProperties) = preSolution
		HideSolutionNode = FALSE
	EndGlobalSection
	GlobalSection(ExtensibilityGlobals) = postSolution
		        SolutionGuid = {BACE1130-D315-4658-B063-566B4F1EBA5B}
		SolutionGuid = {4DC31E7F-3F21-4F0B-B4C8-C20B040E84EF}
	EndGlobalSection
EndGlobal
