
Microsoft Visual Studio Solution File, Format Version 12.00
# Visual Studio 15
VisualStudioVersion = 15.0.28307.489
MinimumVisualStudioVersion = 10.0.40219.1
Project("{FAE04EC0-301F-11D3-BF4B-00C04F79EFBC}") = "CheWei", "AutoNumbering\CheWei.csproj", "{BCB90541-F40F-4881-BB10-EED6CBA5E3B4}"
	ProjectSection(ProjectDependencies) = postProject
		{8A2E6FB5-12F2-4406-8109-D9DDC8452DFD} = {8A2E6FB5-12F2-4406-8109-D9DDC8452DFD}
		{5DDFCADA-BEA4-402C-B3E4-5C7F83C2F09E} = {5DDFCADA-BEA4-402C-B3E4-5C7F83C2F09E}
	EndProjectSection
EndProject
Project("{FAE04EC0-301F-11D3-BF4B-00C04F79EFBC}") = "DotNetARX", "DotNetARX\2010\DotNetARX.csproj", "{5DDFCADA-BEA4-402C-B3E4-5C7F83C2F09E}"
EndProject
Project("{FAE04EC0-301F-11D3-BF4B-00C04F79EFBC}") = "ExtensionTools", "Utilities\ExtensionTools.csproj", "{8A2E6FB5-12F2-4406-8109-D9DDC8452DFD}"
EndProject
Project("{FAE04EC0-301F-11D3-BF4B-00C04F79EFBC}") = "ThCui", "ThCui\ThCui.csproj", "{A7A6ED9C-27F3-4F7E-AA5E-D9637CB12A46}"
EndProject
Project("{930C7802-8A8C-48F9-8165-68863BCCD9DD}") = "ThCADInstaller", "ThCADInstaller\ThCADInstaller.wixproj", "{022404C2-2DA8-4C1B-A630-143460509E00}"
EndProject
Global
	GlobalSection(SolutionConfigurationPlatforms) = preSolution
		Debug|Any CPU = Debug|Any CPU
		Debug|x86 = Debug|x86
		Debug-NET40|Any CPU = Debug-NET40|Any CPU
		Debug-NET40|x86 = Debug-NET40|x86
		Debug-NET45|Any CPU = Debug-NET45|Any CPU
		Debug-NET45|x86 = Debug-NET45|x86
		Release|Any CPU = Release|Any CPU
		Release|x86 = Release|x86
		Release-NET40|Any CPU = Release-NET40|Any CPU
		Release-NET40|x86 = Release-NET40|x86
		Release-NET45|Any CPU = Release-NET45|Any CPU
		Release-NET45|x86 = Release-NET45|x86
	EndGlobalSection
	GlobalSection(ProjectConfigurationPlatforms) = postSolution
		{BCB90541-F40F-4881-BB10-EED6CBA5E3B4}.Debug|Any CPU.ActiveCfg = Debug|Any CPU
		{BCB90541-F40F-4881-BB10-EED6CBA5E3B4}.Debug|Any CPU.Build.0 = Debug|Any CPU
		{BCB90541-F40F-4881-BB10-EED6CBA5E3B4}.Debug|x86.ActiveCfg = Debug|Any CPU
		{BCB90541-F40F-4881-BB10-EED6CBA5E3B4}.Debug|x86.Build.0 = Debug|Any CPU
		{BCB90541-F40F-4881-BB10-EED6CBA5E3B4}.Debug-NET40|Any CPU.ActiveCfg = Debug-NET40|Any CPU
		{BCB90541-F40F-4881-BB10-EED6CBA5E3B4}.Debug-NET40|Any CPU.Build.0 = Debug-NET40|Any CPU
		{BCB90541-F40F-4881-BB10-EED6CBA5E3B4}.Debug-NET40|x86.ActiveCfg = Debug-NET40|Any CPU
		{BCB90541-F40F-4881-BB10-EED6CBA5E3B4}.Debug-NET40|x86.Build.0 = Debug-NET40|Any CPU
		{BCB90541-F40F-4881-BB10-EED6CBA5E3B4}.Debug-NET45|Any CPU.ActiveCfg = Debug-NET45|Any CPU
		{BCB90541-F40F-4881-BB10-EED6CBA5E3B4}.Debug-NET45|Any CPU.Build.0 = Debug-NET45|Any CPU
		{BCB90541-F40F-4881-BB10-EED6CBA5E3B4}.Debug-NET45|x86.ActiveCfg = Debug-NET45|Any CPU
		{BCB90541-F40F-4881-BB10-EED6CBA5E3B4}.Debug-NET45|x86.Build.0 = Debug-NET45|Any CPU
		{BCB90541-F40F-4881-BB10-EED6CBA5E3B4}.Release|Any CPU.ActiveCfg = Release|Any CPU
		{BCB90541-F40F-4881-BB10-EED6CBA5E3B4}.Release|Any CPU.Build.0 = Release|Any CPU
		{BCB90541-F40F-4881-BB10-EED6CBA5E3B4}.Release|x86.ActiveCfg = Release|Any CPU
		{BCB90541-F40F-4881-BB10-EED6CBA5E3B4}.Release|x86.Build.0 = Release|Any CPU
		{BCB90541-F40F-4881-BB10-EED6CBA5E3B4}.Release-NET40|Any CPU.ActiveCfg = Release-NET40|Any CPU
		{BCB90541-F40F-4881-BB10-EED6CBA5E3B4}.Release-NET40|Any CPU.Build.0 = Release-NET40|Any CPU
		{BCB90541-F40F-4881-BB10-EED6CBA5E3B4}.Release-NET40|x86.ActiveCfg = Release-NET40|Any CPU
		{BCB90541-F40F-4881-BB10-EED6CBA5E3B4}.Release-NET40|x86.Build.0 = Release-NET40|Any CPU
		{BCB90541-F40F-4881-BB10-EED6CBA5E3B4}.Release-NET45|Any CPU.ActiveCfg = Release-NET40|Any CPU
		{BCB90541-F40F-4881-BB10-EED6CBA5E3B4}.Release-NET45|Any CPU.Build.0 = Release-NET40|Any CPU
		{BCB90541-F40F-4881-BB10-EED6CBA5E3B4}.Release-NET45|x86.ActiveCfg = Release-NET45|Any CPU
		{BCB90541-F40F-4881-BB10-EED6CBA5E3B4}.Release-NET45|x86.Build.0 = Release-NET45|Any CPU
		{5DDFCADA-BEA4-402C-B3E4-5C7F83C2F09E}.Debug|Any CPU.ActiveCfg = Debug|Any CPU
		{5DDFCADA-BEA4-402C-B3E4-5C7F83C2F09E}.Debug|Any CPU.Build.0 = Debug|Any CPU
		{5DDFCADA-BEA4-402C-B3E4-5C7F83C2F09E}.Debug|x86.ActiveCfg = Debug|Any CPU
		{5DDFCADA-BEA4-402C-B3E4-5C7F83C2F09E}.Debug|x86.Build.0 = Debug|Any CPU
		{5DDFCADA-BEA4-402C-B3E4-5C7F83C2F09E}.Debug-NET40|Any CPU.ActiveCfg = Debug-NET40|Any CPU
		{5DDFCADA-BEA4-402C-B3E4-5C7F83C2F09E}.Debug-NET40|Any CPU.Build.0 = Debug-NET40|Any CPU
		{5DDFCADA-BEA4-402C-B3E4-5C7F83C2F09E}.Debug-NET40|x86.ActiveCfg = Debug-NET40|Any CPU
		{5DDFCADA-BEA4-402C-B3E4-5C7F83C2F09E}.Debug-NET40|x86.Build.0 = Debug-NET40|Any CPU
		{5DDFCADA-BEA4-402C-B3E4-5C7F83C2F09E}.Debug-NET45|Any CPU.ActiveCfg = Debug-NET45|Any CPU
		{5DDFCADA-BEA4-402C-B3E4-5C7F83C2F09E}.Debug-NET45|Any CPU.Build.0 = Debug-NET45|Any CPU
		{5DDFCADA-BEA4-402C-B3E4-5C7F83C2F09E}.Debug-NET45|x86.ActiveCfg = Debug-NET45|Any CPU
		{5DDFCADA-BEA4-402C-B3E4-5C7F83C2F09E}.Debug-NET45|x86.Build.0 = Debug-NET45|Any CPU
		{5DDFCADA-BEA4-402C-B3E4-5C7F83C2F09E}.Release|Any CPU.ActiveCfg = Release|Any CPU
		{5DDFCADA-BEA4-402C-B3E4-5C7F83C2F09E}.Release|Any CPU.Build.0 = Release|Any CPU
		{5DDFCADA-BEA4-402C-B3E4-5C7F83C2F09E}.Release|x86.ActiveCfg = Release|Any CPU
		{5DDFCADA-BEA4-402C-B3E4-5C7F83C2F09E}.Release|x86.Build.0 = Release|Any CPU
		{5DDFCADA-BEA4-402C-B3E4-5C7F83C2F09E}.Release-NET40|Any CPU.ActiveCfg = Release-NET40|Any CPU
		{5DDFCADA-BEA4-402C-B3E4-5C7F83C2F09E}.Release-NET40|Any CPU.Build.0 = Release-NET40|Any CPU
		{5DDFCADA-BEA4-402C-B3E4-5C7F83C2F09E}.Release-NET40|x86.ActiveCfg = Release-NET40|Any CPU
		{5DDFCADA-BEA4-402C-B3E4-5C7F83C2F09E}.Release-NET40|x86.Build.0 = Release-NET40|Any CPU
		{5DDFCADA-BEA4-402C-B3E4-5C7F83C2F09E}.Release-NET45|Any CPU.ActiveCfg = Release-NET40|Any CPU
		{5DDFCADA-BEA4-402C-B3E4-5C7F83C2F09E}.Release-NET45|Any CPU.Build.0 = Release-NET40|Any CPU
		{5DDFCADA-BEA4-402C-B3E4-5C7F83C2F09E}.Release-NET45|x86.ActiveCfg = Release-NET45|Any CPU
		{5DDFCADA-BEA4-402C-B3E4-5C7F83C2F09E}.Release-NET45|x86.Build.0 = Release-NET45|Any CPU
		{8A2E6FB5-12F2-4406-8109-D9DDC8452DFD}.Debug|Any CPU.ActiveCfg = Debug|Any CPU
		{8A2E6FB5-12F2-4406-8109-D9DDC8452DFD}.Debug|Any CPU.Build.0 = Debug|Any CPU
		{8A2E6FB5-12F2-4406-8109-D9DDC8452DFD}.Debug|x86.ActiveCfg = Debug|Any CPU
		{8A2E6FB5-12F2-4406-8109-D9DDC8452DFD}.Debug|x86.Build.0 = Debug|Any CPU
		{8A2E6FB5-12F2-4406-8109-D9DDC8452DFD}.Debug-NET40|Any CPU.ActiveCfg = Debug-NET40|Any CPU
		{8A2E6FB5-12F2-4406-8109-D9DDC8452DFD}.Debug-NET40|Any CPU.Build.0 = Debug-NET40|Any CPU
		{8A2E6FB5-12F2-4406-8109-D9DDC8452DFD}.Debug-NET40|x86.ActiveCfg = Debug-NET40|Any CPU
		{8A2E6FB5-12F2-4406-8109-D9DDC8452DFD}.Debug-NET40|x86.Build.0 = Debug-NET40|Any CPU
		{8A2E6FB5-12F2-4406-8109-D9DDC8452DFD}.Debug-NET45|Any CPU.ActiveCfg = Debug-NET45|Any CPU
		{8A2E6FB5-12F2-4406-8109-D9DDC8452DFD}.Debug-NET45|Any CPU.Build.0 = Debug-NET45|Any CPU
		{8A2E6FB5-12F2-4406-8109-D9DDC8452DFD}.Debug-NET45|x86.ActiveCfg = Debug-NET45|Any CPU
		{8A2E6FB5-12F2-4406-8109-D9DDC8452DFD}.Debug-NET45|x86.Build.0 = Debug-NET45|Any CPU
		{8A2E6FB5-12F2-4406-8109-D9DDC8452DFD}.Release|Any CPU.ActiveCfg = Release|Any CPU
		{8A2E6FB5-12F2-4406-8109-D9DDC8452DFD}.Release|Any CPU.Build.0 = Release|Any CPU
		{8A2E6FB5-12F2-4406-8109-D9DDC8452DFD}.Release|x86.ActiveCfg = Release|Any CPU
		{8A2E6FB5-12F2-4406-8109-D9DDC8452DFD}.Release|x86.Build.0 = Release|Any CPU
		{8A2E6FB5-12F2-4406-8109-D9DDC8452DFD}.Release-NET40|Any CPU.ActiveCfg = Release-NET40|Any CPU
		{8A2E6FB5-12F2-4406-8109-D9DDC8452DFD}.Release-NET40|Any CPU.Build.0 = Release-NET40|Any CPU
		{8A2E6FB5-12F2-4406-8109-D9DDC8452DFD}.Release-NET40|x86.ActiveCfg = Release-NET40|Any CPU
		{8A2E6FB5-12F2-4406-8109-D9DDC8452DFD}.Release-NET40|x86.Build.0 = Release-NET40|Any CPU
		{8A2E6FB5-12F2-4406-8109-D9DDC8452DFD}.Release-NET45|Any CPU.ActiveCfg = Release-NET40|Any CPU
		{8A2E6FB5-12F2-4406-8109-D9DDC8452DFD}.Release-NET45|Any CPU.Build.0 = Release-NET40|Any CPU
		{8A2E6FB5-12F2-4406-8109-D9DDC8452DFD}.Release-NET45|x86.ActiveCfg = Release-NET45|Any CPU
		{8A2E6FB5-12F2-4406-8109-D9DDC8452DFD}.Release-NET45|x86.Build.0 = Release-NET45|Any CPU
		{A7A6ED9C-27F3-4F7E-AA5E-D9637CB12A46}.Debug|Any CPU.ActiveCfg = Debug|Any CPU
		{A7A6ED9C-27F3-4F7E-AA5E-D9637CB12A46}.Debug|Any CPU.Build.0 = Debug|Any CPU
		{A7A6ED9C-27F3-4F7E-AA5E-D9637CB12A46}.Debug|x86.ActiveCfg = Debug|Any CPU
		{A7A6ED9C-27F3-4F7E-AA5E-D9637CB12A46}.Debug|x86.Build.0 = Debug|Any CPU
		{A7A6ED9C-27F3-4F7E-AA5E-D9637CB12A46}.Debug-NET40|Any CPU.ActiveCfg = Debug-NET40|Any CPU
		{A7A6ED9C-27F3-4F7E-AA5E-D9637CB12A46}.Debug-NET40|Any CPU.Build.0 = Debug-NET40|Any CPU
		{A7A6ED9C-27F3-4F7E-AA5E-D9637CB12A46}.Debug-NET40|x86.ActiveCfg = Debug-NET40|Any CPU
		{A7A6ED9C-27F3-4F7E-AA5E-D9637CB12A46}.Debug-NET40|x86.Build.0 = Debug-NET40|Any CPU
		{A7A6ED9C-27F3-4F7E-AA5E-D9637CB12A46}.Debug-NET45|Any CPU.ActiveCfg = Debug-NET45|Any CPU
		{A7A6ED9C-27F3-4F7E-AA5E-D9637CB12A46}.Debug-NET45|Any CPU.Build.0 = Debug-NET45|Any CPU
		{A7A6ED9C-27F3-4F7E-AA5E-D9637CB12A46}.Debug-NET45|x86.ActiveCfg = Debug-NET45|Any CPU
		{A7A6ED9C-27F3-4F7E-AA5E-D9637CB12A46}.Debug-NET45|x86.Build.0 = Debug-NET45|Any CPU
		{A7A6ED9C-27F3-4F7E-AA5E-D9637CB12A46}.Release|Any CPU.ActiveCfg = Release|Any CPU
		{A7A6ED9C-27F3-4F7E-AA5E-D9637CB12A46}.Release|Any CPU.Build.0 = Release|Any CPU
		{A7A6ED9C-27F3-4F7E-AA5E-D9637CB12A46}.Release|x86.ActiveCfg = Release|Any CPU
		{A7A6ED9C-27F3-4F7E-AA5E-D9637CB12A46}.Release|x86.Build.0 = Release|Any CPU
		{A7A6ED9C-27F3-4F7E-AA5E-D9637CB12A46}.Release-NET40|Any CPU.ActiveCfg = Release-NET40|Any CPU
		{A7A6ED9C-27F3-4F7E-AA5E-D9637CB12A46}.Release-NET40|Any CPU.Build.0 = Release-NET40|Any CPU
		{A7A6ED9C-27F3-4F7E-AA5E-D9637CB12A46}.Release-NET40|x86.ActiveCfg = Release-NET40|Any CPU
		{A7A6ED9C-27F3-4F7E-AA5E-D9637CB12A46}.Release-NET40|x86.Build.0 = Release-NET40|Any CPU
		{A7A6ED9C-27F3-4F7E-AA5E-D9637CB12A46}.Release-NET45|Any CPU.ActiveCfg = Release-NET40|Any CPU
		{A7A6ED9C-27F3-4F7E-AA5E-D9637CB12A46}.Release-NET45|Any CPU.Build.0 = Release-NET40|Any CPU
		{A7A6ED9C-27F3-4F7E-AA5E-D9637CB12A46}.Release-NET45|x86.ActiveCfg = Release-NET45|Any CPU
		{A7A6ED9C-27F3-4F7E-AA5E-D9637CB12A46}.Release-NET45|x86.Build.0 = Release-NET45|Any CPU
		{022404C2-2DA8-4C1B-A630-143460509E00}.Debug|Any CPU.ActiveCfg = Debug|x86
		{022404C2-2DA8-4C1B-A630-143460509E00}.Debug|x86.ActiveCfg = Debug|x86
		{022404C2-2DA8-4C1B-A630-143460509E00}.Debug|x86.Build.0 = Debug|x86
		{022404C2-2DA8-4C1B-A630-143460509E00}.Debug-NET40|Any CPU.ActiveCfg = Debug|x86
		{022404C2-2DA8-4C1B-A630-143460509E00}.Debug-NET40|Any CPU.Build.0 = Debug|x86
		{022404C2-2DA8-4C1B-A630-143460509E00}.Debug-NET40|x86.ActiveCfg = Debug|x86
		{022404C2-2DA8-4C1B-A630-143460509E00}.Debug-NET40|x86.Build.0 = Debug|x86
		{022404C2-2DA8-4C1B-A630-143460509E00}.Debug-NET45|Any CPU.ActiveCfg = Debug|x86
		{022404C2-2DA8-4C1B-A630-143460509E00}.Debug-NET45|Any CPU.Build.0 = Debug|x86
		{022404C2-2DA8-4C1B-A630-143460509E00}.Debug-NET45|x86.ActiveCfg = Debug|x86
		{022404C2-2DA8-4C1B-A630-143460509E00}.Debug-NET45|x86.Build.0 = Debug|x86
		{022404C2-2DA8-4C1B-A630-143460509E00}.Release|Any CPU.ActiveCfg = Release|x86
		{022404C2-2DA8-4C1B-A630-143460509E00}.Release|x86.ActiveCfg = Release|x86
		{022404C2-2DA8-4C1B-A630-143460509E00}.Release|x86.Build.0 = Release|x86
		{022404C2-2DA8-4C1B-A630-143460509E00}.Release-NET40|Any CPU.ActiveCfg = Release|x86
		{022404C2-2DA8-4C1B-A630-143460509E00}.Release-NET40|Any CPU.Build.0 = Release|x86
		{022404C2-2DA8-4C1B-A630-143460509E00}.Release-NET40|x86.ActiveCfg = Release|x86
		{022404C2-2DA8-4C1B-A630-143460509E00}.Release-NET40|x86.Build.0 = Release|x86
		{022404C2-2DA8-4C1B-A630-143460509E00}.Release-NET45|Any CPU.ActiveCfg = Release|x86
		{022404C2-2DA8-4C1B-A630-143460509E00}.Release-NET45|Any CPU.Build.0 = Release|x86
		{022404C2-2DA8-4C1B-A630-143460509E00}.Release-NET45|x86.ActiveCfg = Release|x86
		{022404C2-2DA8-4C1B-A630-143460509E00}.Release-NET45|x86.Build.0 = Release|x86
	EndGlobalSection
	GlobalSection(SolutionProperties) = preSolution
		HideSolutionNode = FALSE
	EndGlobalSection
	GlobalSection(ExtensibilityGlobals) = postSolution
		SolutionGuid = {BACE1130-D315-4658-B063-566B4F1EBA5B}
	EndGlobalSection
EndGlobal
